
Microsoft Visual Studio Solution File, Format Version 12.00
# Visual Studio Version 16
VisualStudioVersion = 16.0.31729.503
MinimumVisualStudioVersion = 10.0.40219.1
Project("{FAE04EC0-301F-11D3-BF4B-00C04F79EFBC}") = "DecoratorPattern", "Decorator\DecoratorPattern.csproj", "{F559199B-45CC-479B-8C72-CCA63C2C9F1D}"
EndProject
Global
	GlobalSection(SolutionConfigurationPlatforms) = preSolution
		Debug|Any CPU = Debug|Any CPU
		Release|Any CPU = Release|Any CPU
	EndGlobalSection
	GlobalSection(ProjectConfigurationPlatforms) = postSolution
		{F559199B-45CC-479B-8C72-CCA63C2C9F1D}.Debug|Any CPU.ActiveCfg = Debug|Any CPU
		{F559199B-45CC-479B-8C72-CCA63C2C9F1D}.Debug|Any CPU.Build.0 = Debug|Any CPU
		{F559199B-45CC-479B-8C72-CCA63C2C9F1D}.Release|Any CPU.ActiveCfg = Release|Any CPU
		{F559199B-45CC-479B-8C72-CCA63C2C9F1D}.Release|Any CPU.Build.0 = Release|Any CPU
	EndGlobalSection
	GlobalSection(SolutionProperties) = preSolution
		HideSolutionNode = FALSE
	EndGlobalSection
	GlobalSection(ExtensibilityGlobals) = postSolution
		SolutionGuid = {C0988870-B152-4CA5-91D5-D5A438CC451A}
	EndGlobalSection
EndGlobal
